
Microsoft Visual Studio Solution File, Format Version 12.00
# Visual Studio 2017
Project("{FAE04EC0-301F-11D3-BF4B-00C04F79EFBC}") = "airt_unity", "airt_unity.csproj", "{D69F026A-DDD5-24AF-D6C6-384E1725C11C}"
EndProject
Global
	GlobalSection(SolutionConfigurationPlatforms) = preSolution
		Debug|Any CPU = Debug|Any CPU
		Release|Any CPU = Release|Any CPU
	EndGlobalSection
	GlobalSection(ProjectConfigurationPlatforms) = postSolution
		{D69F026A-DDD5-24AF-D6C6-384E1725C11C}.Debug|Any CPU.ActiveCfg = Debug|Any CPU
		{D69F026A-DDD5-24AF-D6C6-384E1725C11C}.Debug|Any CPU.Build.0 = Debug|Any CPU
		{D69F026A-DDD5-24AF-D6C6-384E1725C11C}.Release|Any CPU.ActiveCfg = Release|Any CPU
		{D69F026A-DDD5-24AF-D6C6-384E1725C11C}.Release|Any CPU.Build.0 = Release|Any CPU
	EndGlobalSection
	GlobalSection(SolutionProperties) = preSolution
		HideSolutionNode = FALSE
	EndGlobalSection
EndGlobal
